{
  "name": "sample",
  "version": "1.0.0",
  "lockfileVersion": 1,
  "requires": true,
  "dependencies": {
    "lee-package-t1": {
      "version": "1.0.0",
      "resolved": "https://registry.npmjs.org/lee-package-t1/-/lee-package-t1-1.0.0.tgz",
      "integrity": "sha512-L+SAaSWI43cp3wLwOCmS7RCcPWh5qW2OgCjU3EtAO9uJ4eiu/Xwrulco1kOIcveTEDZTAW5rArJs09KoW4XUmw=="
    }
  }
}
