# THIS IS AN AUTOGENERATED FILE. DO NOT EDIT THIS FILE DIRECTLY.
# yarn lockfile v1


lee-package-t1@^1.0.0:
  version "1.0.1"
  resolved "https://registry.yarnpkg.com/lee-package-t1/-/lee-package-t1-1.0.1.tgz#07e14f05841ea680a392682b8ec8c7a6375262b3"
  integrity sha512-H//Hq3uRGMIpX414xkKpowrAST2F5sUeuiLjyrFl0WCkd+8z5qlh2GhwYyLjyuBQsNob10d0VgHPO4UECs41Cg==
